
Microsoft Visual Studio Solution File, Format Version 12.00
# Visual Studio 15
VisualStudioVersion = 15.0.26730.16
MinimumVisualStudioVersion = 10.0.40219.1
Project("{FAE04EC0-301F-11D3-BF4B-00C04F79EFBC}") = "Duljina", "Duljina\Duljina.csproj", "{728160B5-BD39-4482-9037-C2981DE0775F}"
EndProject
Global
	GlobalSection(SolutionConfigurationPlatforms) = preSolution
		Debug|Any CPU = Debug|Any CPU
		Release|Any CPU = Release|Any CPU
	EndGlobalSection
	GlobalSection(ProjectConfigurationPlatforms) = postSolution
		{728160B5-BD39-4482-9037-C2981DE0775F}.Debug|Any CPU.ActiveCfg = Debug|Any CPU
		{728160B5-BD39-4482-9037-C2981DE0775F}.Debug|Any CPU.Build.0 = Debug|Any CPU
		{728160B5-BD39-4482-9037-C2981DE0775F}.Release|Any CPU.ActiveCfg = Release|Any CPU
		{728160B5-BD39-4482-9037-C2981DE0775F}.Release|Any CPU.Build.0 = Release|Any CPU
	EndGlobalSection
	GlobalSection(SolutionProperties) = preSolution
		HideSolutionNode = FALSE
	EndGlobalSection
	GlobalSection(ExtensibilityGlobals) = postSolution
		SolutionGuid = {9C29612C-E4AD-466B-A19B-EC43B2C21162}
	EndGlobalSection
EndGlobal
